
Microsoft Visual Studio Solution File, Format Version 12.00
# Visual Studio Version 16
VisualStudioVersion = 16.0.29215.179
MinimumVisualStudioVersion = 10.0.40219.1
Project("{9A19103F-16F7-4668-BE54-9A1E7A4F7556}") = "BenchmarkDotNetSample", "BenchmarkDotNetSample\BenchmarkDotNetSample.csproj", "{10C49C62-5B84-4C65-A7A0-8AB57010900A}"
EndProject
Project("{FAE04EC0-301F-11D3-BF4B-00C04F79EFBC}") = "Benchmark2", "Benchmark2\Benchmark2.csproj", "{A864D841-5CF5-45D3-95F9-EAE8547B7799}"
EndProject
Global
	GlobalSection(SolutionConfigurationPlatforms) = preSolution
		Debug|Any CPU = Debug|Any CPU
		Release|Any CPU = Release|Any CPU
	EndGlobalSection
	GlobalSection(ProjectConfigurationPlatforms) = postSolution
		{10C49C62-5B84-4C65-A7A0-8AB57010900A}.Debug|Any CPU.ActiveCfg = Debug|Any CPU
		{10C49C62-5B84-4C65-A7A0-8AB57010900A}.Debug|Any CPU.Build.0 = Debug|Any CPU
		{10C49C62-5B84-4C65-A7A0-8AB57010900A}.Release|Any CPU.ActiveCfg = Release|Any CPU
		{10C49C62-5B84-4C65-A7A0-8AB57010900A}.Release|Any CPU.Build.0 = Release|Any CPU
		{A864D841-5CF5-45D3-95F9-EAE8547B7799}.Debug|Any CPU.ActiveCfg = Debug|Any CPU
		{A864D841-5CF5-45D3-95F9-EAE8547B7799}.Debug|Any CPU.Build.0 = Debug|Any CPU
		{A864D841-5CF5-45D3-95F9-EAE8547B7799}.Release|Any CPU.ActiveCfg = Release|Any CPU
		{A864D841-5CF5-45D3-95F9-EAE8547B7799}.Release|Any CPU.Build.0 = Release|Any CPU
	EndGlobalSection
	GlobalSection(SolutionProperties) = preSolution
		HideSolutionNode = FALSE
	EndGlobalSection
	GlobalSection(ExtensibilityGlobals) = postSolution
		SolutionGuid = {791A0A37-6DEE-4618-B569-826C90756696}
	EndGlobalSection
EndGlobal
